// !$*UTF8*$!
{
	archiveVersion = 1;
	classes = {
	};
	objectVersion = 46;
	objects = {

/* Begin PBXBuildFile section */
		89251B9F1D341F0C006B2241 /* SettingsViewController.swift in Sources */ = {isa = PBXBuildFile; fileRef = 89251B9E1D341F0C006B2241 /* SettingsViewController.swift */; };
		89251BA91D342171006B2241 /* LeagueTeamAPI.swift in Sources */ = {isa = PBXBuildFile; fileRef = 89251BA71D342171006B2241 /* LeagueTeamAPI.swift */; };
		89251BAC1D3429FF006B2241 /* LeagueData.swift in Sources */ = {isa = PBXBuildFile; fileRef = 89251BAB1D3429FF006B2241 /* LeagueData.swift */; };
		89251BAF1D342B96006B2241 /* LeagueTeamCore.swift in Sources */ = {isa = PBXBuildFile; fileRef = 89251BAE1D342B96006B2241 /* LeagueTeamCore.swift */; };
		89251BB21D342F0A006B2241 /* WelcomeController.swift in Sources */ = {isa = PBXBuildFile; fileRef = 89251BB11D342F0A006B2241 /* WelcomeController.swift */; };
		89251BB51D3430C9006B2241 /* BaseAPI.swift in Sources */ = {isa = PBXBuildFile; fileRef = 89251BB41D3430C9006B2241 /* BaseAPI.swift */; };
		89251BB71D34320E006B2241 /* BaseCore.swift in Sources */ = {isa = PBXBuildFile; fileRef = 89251BB61D34320E006B2241 /* BaseCore.swift */; };
		8927E6041D33035200F9D03F /* AppDelegate.swift in Sources */ = {isa = PBXBuildFile; fileRef = 8927E6031D33035200F9D03F /* AppDelegate.swift */; };
		8927E6091D33035200F9D03F /* Main.storyboard in Resources */ = {isa = PBXBuildFile; fileRef = 8927E6071D33035200F9D03F /* Main.storyboard */; };
		8927E60C1D33035200F9D03F /* PremierLeague.xcdatamodeld in Sources */ = {isa = PBXBuildFile; fileRef = 8927E60A1D33035200F9D03F /* PremierLeague.xcdatamodeld */; };
		8927E6111D33035200F9D03F /* LaunchScreen.storyboard in Resources */ = {isa = PBXBuildFile; fileRef = 8927E60F1D33035200F9D03F /* LaunchScreen.storyboard */; };
		8927E61B1D330A5200F9D03F /* Assets.xcassets in Resources */ = {isa = PBXBuildFile; fileRef = 8927E61A1D330A5200F9D03F /* Assets.xcassets */; };
		8927E61D1D330B5900F9D03F /* TeamsViewController.swift in Sources */ = {isa = PBXBuildFile; fileRef = 8927E61C1D330B5900F9D03F /* TeamsViewController.swift */; };
		8927E61F1D330B7900F9D03F /* Team.swift in Sources */ = {isa = PBXBuildFile; fileRef = 8927E61E1D330B7900F9D03F /* Team.swift */; };
		8927E6231D330D0B00F9D03F /* TeamCell.swift in Sources */ = {isa = PBXBuildFile; fileRef = 8927E6221D330D0B00F9D03F /* TeamCell.swift */; };
		8927E6271D33163900F9D03F /* InfoViewController.swift in Sources */ = {isa = PBXBuildFile; fileRef = 8927E6261D33163900F9D03F /* InfoViewController.swift */; };
		8929F0911D343A02001DFBFF /* TeamCore.swift in Sources */ = {isa = PBXBuildFile; fileRef = 8929F0901D343A02001DFBFF /* TeamCore.swift */; };
		8929F0931D343AE0001DFBFF /* TeamAPI.swift in Sources */ = {isa = PBXBuildFile; fileRef = 8929F0921D343AE0001DFBFF /* TeamAPI.swift */; };
		89A6E25D1D33215A007214D7 /* LeagueTeam.swift in Sources */ = {isa = PBXBuildFile; fileRef = 89A6E25C1D33215A007214D7 /* LeagueTeam.swift */; };
		89A6E2611D332586007214D7 /* LeagueTeamCell.swift in Sources */ = {isa = PBXBuildFile; fileRef = 89A6E2601D332586007214D7 /* LeagueTeamCell.swift */; };
		89A6E2631D332849007214D7 /* LeagueViewController.swift in Sources */ = {isa = PBXBuildFile; fileRef = 89A6E2621D332849007214D7 /* LeagueViewController.swift */; };
		89A6E2651D3329C5007214D7 /* ViewController.swift in Sources */ = {isa = PBXBuildFile; fileRef = 89A6E2641D3329C5007214D7 /* ViewController.swift */; };
/* End PBXBuildFile section */

/* Begin PBXFileReference section */
		89251B9E1D341F0C006B2241 /* SettingsViewController.swift */ = {isa = PBXFileReference; fileEncoding = 4; lastKnownFileType = sourcecode.swift; path = SettingsViewController.swift; sourceTree = "<group>"; };
		89251BA71D342171006B2241 /* LeagueTeamAPI.swift */ = {isa = PBXFileReference; fileEncoding = 4; lastKnownFileType = sourcecode.swift; path = LeagueTeamAPI.swift; sourceTree = "<group>"; };
		89251BAB1D3429FF006B2241 /* LeagueData.swift */ = {isa = PBXFileReference; fileEncoding = 4; lastKnownFileType = sourcecode.swift; path = LeagueData.swift; sourceTree = "<group>"; };
		89251BAE1D342B96006B2241 /* LeagueTeamCore.swift */ = {isa = PBXFileReference; fileEncoding = 4; lastKnownFileType = sourcecode.swift; path = LeagueTeamCore.swift; sourceTree = "<group>"; };
		89251BB11D342F0A006B2241 /* WelcomeController.swift */ = {isa = PBXFileReference; fileEncoding = 4; lastKnownFileType = sourcecode.swift; path = WelcomeController.swift; sourceTree = "<group>"; };
		89251BB41D3430C9006B2241 /* BaseAPI.swift */ = {isa = PBXFileReference; fileEncoding = 4; lastKnownFileType = sourcecode.swift; path = BaseAPI.swift; sourceTree = "<group>"; };
		89251BB61D34320E006B2241 /* BaseCore.swift */ = {isa = PBXFileReference; fileEncoding = 4; lastKnownFileType = sourcecode.swift; path = BaseCore.swift; sourceTree = "<group>"; };
		8927E6001D33035200F9D03F /* PremierLeague.app */ = {isa = PBXFileReference; explicitFileType = wrapper.application; includeInIndex = 0; path = PremierLeague.app; sourceTree = BUILT_PRODUCTS_DIR; };
		8927E6031D33035200F9D03F /* AppDelegate.swift */ = {isa = PBXFileReference; lastKnownFileType = sourcecode.swift; path = AppDelegate.swift; sourceTree = "<group>"; };
		8927E6081D33035200F9D03F /* Base */ = {isa = PBXFileReference; lastKnownFileType = file.storyboard; name = Base; path = Base.lproj/Main.storyboard; sourceTree = "<group>"; };
		8927E60B1D33035200F9D03F /* PremierLeague.xcdatamodel */ = {isa = PBXFileReference; lastKnownFileType = wrapper.xcdatamodel; path = PremierLeague.xcdatamodel; sourceTree = "<group>"; };
		8927E6101D33035200F9D03F /* Base */ = {isa = PBXFileReference; lastKnownFileType = file.storyboard; name = Base; path = Base.lproj/LaunchScreen.storyboard; sourceTree = "<group>"; };
		8927E6121D33035200F9D03F /* Info.plist */ = {isa = PBXFileReference; lastKnownFileType = text.plist.xml; path = Info.plist; sourceTree = "<group>"; };
		8927E61A1D330A5200F9D03F /* Assets.xcassets */ = {isa = PBXFileReference; lastKnownFileType = folder.assetcatalog; path = Assets.xcassets; sourceTree = "<group>"; };
		8927E61C1D330B5900F9D03F /* TeamsViewController.swift */ = {isa = PBXFileReference; fileEncoding = 4; lastKnownFileType = sourcecode.swift; path = TeamsViewController.swift; sourceTree = "<group>"; };
		8927E61E1D330B7900F9D03F /* Team.swift */ = {isa = PBXFileReference; fileEncoding = 4; lastKnownFileType = sourcecode.swift; path = Team.swift; sourceTree = "<group>"; };
		8927E6221D330D0B00F9D03F /* TeamCell.swift */ = {isa = PBXFileReference; fileEncoding = 4; lastKnownFileType = sourcecode.swift; path = TeamCell.swift; sourceTree = "<group>"; };
		8927E6261D33163900F9D03F /* InfoViewController.swift */ = {isa = PBXFileReference; fileEncoding = 4; lastKnownFileType = sourcecode.swift; path = InfoViewController.swift; sourceTree = "<group>"; };
		8929F0901D343A02001DFBFF /* TeamCore.swift */ = {isa = PBXFileReference; fileEncoding = 4; lastKnownFileType = sourcecode.swift; path = TeamCore.swift; sourceTree = "<group>"; };
		8929F0921D343AE0001DFBFF /* TeamAPI.swift */ = {isa = PBXFileReference; fileEncoding = 4; lastKnownFileType = sourcecode.swift; path = TeamAPI.swift; sourceTree = "<group>"; };
		89A6E25C1D33215A007214D7 /* LeagueTeam.swift */ = {isa = PBXFileReference; fileEncoding = 4; lastKnownFileType = sourcecode.swift; path = LeagueTeam.swift; sourceTree = "<group>"; };
		89A6E2601D332586007214D7 /* LeagueTeamCell.swift */ = {isa = PBXFileReference; fileEncoding = 4; lastKnownFileType = sourcecode.swift; path = LeagueTeamCell.swift; sourceTree = "<group>"; };
		89A6E2621D332849007214D7 /* LeagueViewController.swift */ = {isa = PBXFileReference; fileEncoding = 4; lastKnownFileType = sourcecode.swift; path = LeagueViewController.swift; sourceTree = "<group>"; };
		89A6E2641D3329C5007214D7 /* ViewController.swift */ = {isa = PBXFileReference; fileEncoding = 4; lastKnownFileType = sourcecode.swift; path = ViewController.swift; sourceTree = "<group>"; };
/* End PBXFileReference section */

/* Begin PBXFrameworksBuildPhase section */
		8927E5FD1D33035200F9D03F /* Frameworks */ = {
			isa = PBXFrameworksBuildPhase;
			buildActionMask = 2147483647;
			files = (
			);
			runOnlyForDeploymentPostprocessing = 0;
		};
/* End PBXFrameworksBuildPhase section */

/* Begin PBXGroup section */
		89251B9A1D341CE1006B2241 /* LeagueTeam */ = {
			isa = PBXGroup;
			children = (
				89A6E2621D332849007214D7 /* LeagueViewController.swift */,
				89A6E2601D332586007214D7 /* LeagueTeamCell.swift */,
				89A6E25C1D33215A007214D7 /* LeagueTeam.swift */,
			);
			name = LeagueTeam;
			sourceTree = "<group>";
		};
		89251B9B1D341D05006B2241 /* Team */ = {
			isa = PBXGroup;
			children = (
				89251B9C1D341D18006B2241 /* Info */,
				8927E61C1D330B5900F9D03F /* TeamsViewController.swift */,
				8927E6221D330D0B00F9D03F /* TeamCell.swift */,
				8927E61E1D330B7900F9D03F /* Team.swift */,
			);
			name = Team;
			sourceTree = "<group>";
		};
		89251B9C1D341D18006B2241 /* Info */ = {
			isa = PBXGroup;
			children = (
				8927E6261D33163900F9D03F /* InfoViewController.swift */,
			);
			name = Info;
			sourceTree = "<group>";
		};
		89251B9D1D341EF1006B2241 /* Settings */ = {
			isa = PBXGroup;
			children = (
				89251B9E1D341F0C006B2241 /* SettingsViewController.swift */,
				89251BAB1D3429FF006B2241 /* LeagueData.swift */,
			);
			name = Settings;
			sourceTree = "<group>";
		};
		89251BA01D3420CD006B2241 /* API */ = {
			isa = PBXGroup;
			children = (
				8929F0921D343AE0001DFBFF /* TeamAPI.swift */,
				89251BA71D342171006B2241 /* LeagueTeamAPI.swift */,
				89251BB41D3430C9006B2241 /* BaseAPI.swift */,
			);
			name = API;
			sourceTree = "<group>";
		};
		89251BAD1D342B30006B2241 /* Models */ = {
			isa = PBXGroup;
			children = (
				89251BB31D343097006B2241 /* Core */,
				89251BA01D3420CD006B2241 /* API */,
			);
			name = Models;
			sourceTree = "<group>";
		};
		89251BB01D342EF4006B2241 /* Welcome */ = {
			isa = PBXGroup;
			children = (
				89251BB11D342F0A006B2241 /* WelcomeController.swift */,
			);
			name = Welcome;
			sourceTree = "<group>";
		};
		89251BB31D343097006B2241 /* Core */ = {
			isa = PBXGroup;
			children = (
				8929F0901D343A02001DFBFF /* TeamCore.swift */,
				89251BAE1D342B96006B2241 /* LeagueTeamCore.swift */,
				89251BB61D34320E006B2241 /* BaseCore.swift */,
				8927E60A1D33035200F9D03F /* PremierLeague.xcdatamodeld */,
			);
			name = Core;
			sourceTree = "<group>";
		};
		89251BB81D3435A8006B2241 /* Controllers */ = {
			isa = PBXGroup;
			children = (
				89251B9B1D341D05006B2241 /* Team */,
				89251B9A1D341CE1006B2241 /* LeagueTeam */,
				89251B9D1D341EF1006B2241 /* Settings */,
				89251BB01D342EF4006B2241 /* Welcome */,
			);
			name = Controllers;
			sourceTree = "<group>";
		};
		89251BB91D3435CD006B2241 /* Views */ = {
			isa = PBXGroup;
			children = (
				8927E6071D33035200F9D03F /* Main.storyboard */,
				8927E60F1D33035200F9D03F /* LaunchScreen.storyboard */,
				8927E61A1D330A5200F9D03F /* Assets.xcassets */,
			);
			name = Views;
			sourceTree = "<group>";
		};
		8927E5F71D33035200F9D03F = {
			isa = PBXGroup;
			children = (
				8927E6021D33035200F9D03F /* PremierLeague */,
				8927E6011D33035200F9D03F /* Products */,
			);
			sourceTree = "<group>";
		};
		8927E6011D33035200F9D03F /* Products */ = {
			isa = PBXGroup;
			children = (
				8927E6001D33035200F9D03F /* PremierLeague.app */,
			);
			name = Products;
			sourceTree = "<group>";
		};
		8927E6021D33035200F9D03F /* PremierLeague */ = {
			isa = PBXGroup;
			children = (
				89251BB81D3435A8006B2241 /* Controllers */,
				89251BAD1D342B30006B2241 /* Models */,
				89251BB91D3435CD006B2241 /* Views */,
				8927E6031D33035200F9D03F /* AppDelegate.swift */,
				89A6E2641D3329C5007214D7 /* ViewController.swift */,
				8927E6121D33035200F9D03F /* Info.plist */,
			);
			path = PremierLeague;
			sourceTree = "<group>";
		};
/* End PBXGroup section */

/* Begin PBXNativeTarget section */
		8927E5FF1D33035200F9D03F /* PremierLeague */ = {
			isa = PBXNativeTarget;
			buildConfigurationList = 8927E6151D33035200F9D03F /* Build configuration list for PBXNativeTarget "PremierLeague" */;
			buildPhases = (
				8927E5FC1D33035200F9D03F /* Sources */,
				8927E5FD1D33035200F9D03F /* Frameworks */,
				8927E5FE1D33035200F9D03F /* Resources */,
			);
			buildRules = (
			);
			dependencies = (
			);
			name = PremierLeague;
			productName = PremierLeague;
			productReference = 8927E6001D33035200F9D03F /* PremierLeague.app */;
			productType = "com.apple.product-type.application";
		};
/* End PBXNativeTarget section */

/* Begin PBXProject section */
		8927E5F81D33035200F9D03F /* Project object */ = {
			isa = PBXProject;
			attributes = {
				LastSwiftUpdateCheck = 0730;
				LastUpgradeCheck = 0730;
				ORGANIZATIONNAME = organization;
				TargetAttributes = {
					8927E5FF1D33035200F9D03F = {
						CreatedOnToolsVersion = 7.3.1;
					};
				};
			};
			buildConfigurationList = 8927E5FB1D33035200F9D03F /* Build configuration list for PBXProject "PremierLeague" */;
			compatibilityVersion = "Xcode 3.2";
			developmentRegion = English;
			hasScannedForEncodings = 0;
			knownRegions = (
				en,
				Base,
			);
			mainGroup = 8927E5F71D33035200F9D03F;
			productRefGroup = 8927E6011D33035200F9D03F /* Products */;
			projectDirPath = "";
			projectRoot = "";
			targets = (
				8927E5FF1D33035200F9D03F /* PremierLeague */,
			);
		};
/* End PBXProject section */

/* Begin PBXResourcesBuildPhase section */
		8927E5FE1D33035200F9D03F /* Resources */ = {
			isa = PBXResourcesBuildPhase;
			buildActionMask = 2147483647;
			files = (
				8927E6111D33035200F9D03F /* LaunchScreen.storyboard in Resources */,
				8927E61B1D330A5200F9D03F /* Assets.xcassets in Resources */,
				8927E6091D33035200F9D03F /* Main.storyboard in Resources */,
			);
			runOnlyForDeploymentPostprocessing = 0;
		};
/* End PBXResourcesBuildPhase section */

/* Begin PBXSourcesBuildPhase section */
		8927E5FC1D33035200F9D03F /* Sources */ = {
			isa = PBXSourcesBuildPhase;
			buildActionMask = 2147483647;
			files = (
				89A6E25D1D33215A007214D7 /* LeagueTeam.swift in Sources */,
				89A6E2631D332849007214D7 /* LeagueViewController.swift in Sources */,
				89251BB21D342F0A006B2241 /* WelcomeController.swift in Sources */,
				89A6E2611D332586007214D7 /* LeagueTeamCell.swift in Sources */,
				89251BAC1D3429FF006B2241 /* LeagueData.swift in Sources */,
				89A6E2651D3329C5007214D7 /* ViewController.swift in Sources */,
				89251BB71D34320E006B2241 /* BaseCore.swift in Sources */,
				8927E61D1D330B5900F9D03F /* TeamsViewController.swift in Sources */,
				8927E6231D330D0B00F9D03F /* TeamCell.swift in Sources */,
				89251BAF1D342B96006B2241 /* LeagueTeamCore.swift in Sources */,
				8927E6271D33163900F9D03F /* InfoViewController.swift in Sources */,
				8927E6041D33035200F9D03F /* AppDelegate.swift in Sources */,
				89251BA91D342171006B2241 /* LeagueTeamAPI.swift in Sources */,
				8927E61F1D330B7900F9D03F /* Team.swift in Sources */,
				89251BB51D3430C9006B2241 /* BaseAPI.swift in Sources */,
				8929F0911D343A02001DFBFF /* TeamCore.swift in Sources */,
				8929F0931D343AE0001DFBFF /* TeamAPI.swift in Sources */,
				8927E60C1D33035200F9D03F /* PremierLeague.xcdatamodeld in Sources */,
				89251B9F1D341F0C006B2241 /* SettingsViewController.swift in Sources */,
			);
			runOnlyForDeploymentPostprocessing = 0;
		};
/* End PBXSourcesBuildPhase section */

/* Begin PBXVariantGroup section */
		8927E6071D33035200F9D03F /* Main.storyboard */ = {
			isa = PBXVariantGroup;
			children = (
				8927E6081D33035200F9D03F /* Base */,
			);
			name = Main.storyboard;
			sourceTree = "<group>";
		};
		8927E60F1D33035200F9D03F /* LaunchScreen.storyboard */ = {
			isa = PBXVariantGroup;
			children = (
				8927E6101D33035200F9D03F /* Base */,
			);
			name = LaunchScreen.storyboard;
			sourceTree = "<group>";
		};
/* End PBXVariantGroup section */

/* Begin XCBuildConfiguration section */
		8927E6131D33035200F9D03F /* Debug */ = {
			isa = XCBuildConfiguration;
			buildSettings = {
				ALWAYS_SEARCH_USER_PATHS = NO;
				CLANG_ANALYZER_NONNULL = YES;
				CLANG_CXX_LANGUAGE_STANDARD = "gnu++0x";
				CLANG_CXX_LIBRARY = "libc++";
				CLANG_ENABLE_MODULES = YES;
				CLANG_ENABLE_OBJC_ARC = YES;
				CLANG_WARN_BOOL_CONVERSION = YES;
				CLANG_WARN_CONSTANT_CONVERSION = YES;
				CLANG_WARN_DIRECT_OBJC_ISA_USAGE = YES_ERROR;
				CLANG_WARN_EMPTY_BODY = YES;
				CLANG_WARN_ENUM_CONVERSION = YES;
				CLANG_WARN_INT_CONVERSION = YES;
				CLANG_WARN_OBJC_ROOT_CLASS = YES_ERROR;
				CLANG_WARN_UNREACHABLE_CODE = YES;
				CLANG_WARN__DUPLICATE_METHOD_MATCH = YES;
				"CODE_SIGN_IDENTITY[sdk=iphoneos*]" = "iPhone Developer";
				COPY_PHASE_STRIP = NO;
				DEBUG_INFORMATION_FORMAT = dwarf;
				ENABLE_STRICT_OBJC_MSGSEND = YES;
				ENABLE_TESTABILITY = YES;
				GCC_C_LANGUAGE_STANDARD = gnu99;
				GCC_DYNAMIC_NO_PIC = NO;
				GCC_NO_COMMON_BLOCKS = YES;
				GCC_OPTIMIZATION_LEVEL = 0;
				GCC_PREPROCESSOR_DEFINITIONS = (
					"DEBUG=1",
					"$(inherited)",
				);
				GCC_WARN_64_TO_32_BIT_CONVERSION = YES;
				GCC_WARN_ABOUT_RETURN_TYPE = YES_ERROR;
				GCC_WARN_UNDECLARED_SELECTOR = YES;
				GCC_WARN_UNINITIALIZED_AUTOS = YES_AGGRESSIVE;
				GCC_WARN_UNUSED_FUNCTION = YES;
				GCC_WARN_UNUSED_VARIABLE = YES;
				IPHONEOS_DEPLOYMENT_TARGET = 9.3;
				MTL_ENABLE_DEBUG_INFO = YES;
				ONLY_ACTIVE_ARCH = YES;
				SDKROOT = iphoneos;
				SWIFT_OPTIMIZATION_LEVEL = "-Onone";
				TARGETED_DEVICE_FAMILY = "1,2";
			};
			name = Debug;
		};
		8927E6141D33035200F9D03F /* Release */ = {
			isa = XCBuildConfiguration;
			buildSettings = {
				ALWAYS_SEARCH_USER_PATHS = NO;
				CLANG_ANALYZER_NONNULL = YES;
				CLANG_CXX_LANGUAGE_STANDARD = "gnu++0x";
				CLANG_CXX_LIBRARY = "libc++";
				CLANG_ENABLE_MODULES = YES;
				CLANG_ENABLE_OBJC_ARC = YES;
				CLANG_WARN_BOOL_CONVERSION = YES;
				CLANG_WARN_CONSTANT_CONVERSION = YES;
				CLANG_WARN_DIRECT_OBJC_ISA_USAGE = YES_ERROR;
				CLANG_WARN_EMPTY_BODY = YES;
				CLANG_WARN_ENUM_CONVERSION = YES;
				CLANG_WARN_INT_CONVERSION = YES;
				CLANG_WARN_OBJC_ROOT_CLASS = YES_ERROR;
				CLANG_WARN_UNREACHABLE_CODE = YES;
				CLANG_WARN__DUPLICATE_METHOD_MATCH = YES;
				"CODE_SIGN_IDENTITY[sdk=iphoneos*]" = "iPhone Developer";
				COPY_PHASE_STRIP = NO;
				DEBUG_INFORMATION_FORMAT = "dwarf-with-dsym";
				ENABLE_NS_ASSERTIONS = NO;
				ENABLE_STRICT_OBJC_MSGSEND = YES;
				GCC_C_LANGUAGE_STANDARD = gnu99;
				GCC_NO_COMMON_BLOCKS = YES;
				GCC_WARN_64_TO_32_BIT_CONVERSION = YES;
				GCC_WARN_ABOUT_RETURN_TYPE = YES_ERROR;
				GCC_WARN_UNDECLARED_SELECTOR = YES;
				GCC_WARN_UNINITIALIZED_AUTOS = YES_AGGRESSIVE;
				GCC_WARN_UNUSED_FUNCTION = YES;
				GCC_WARN_UNUSED_VARIABLE = YES;
				IPHONEOS_DEPLOYMENT_TARGET = 9.3;
				MTL_ENABLE_DEBUG_INFO = NO;
				SDKROOT = iphoneos;
				TARGETED_DEVICE_FAMILY = "1,2";
				VALIDATE_PRODUCT = YES;
			};
			name = Release;
		};
		8927E6161D33035200F9D03F /* Debug */ = {
			isa = XCBuildConfiguration;
			buildSettings = {
				ASSETCATALOG_COMPILER_APPICON_NAME = AppIcon;
				INFOPLIST_FILE = PremierLeague/Info.plist;
				LD_RUNPATH_SEARCH_PATHS = "$(inherited) @executable_path/Frameworks";
				PRODUCT_BUNDLE_IDENTIFIER = organization.PremierLeague;
				PRODUCT_NAME = "$(TARGET_NAME)";
			};
			name = Debug;
		};
		8927E6171D33035200F9D03F /* Release */ = {
			isa = XCBuildConfiguration;
			buildSettings = {
				ASSETCATALOG_COMPILER_APPICON_NAME = AppIcon;
				INFOPLIST_FILE = PremierLeague/Info.plist;
				LD_RUNPATH_SEARCH_PATHS = "$(inherited) @executable_path/Frameworks";
				PRODUCT_BUNDLE_IDENTIFIER = organization.PremierLeague;
				PRODUCT_NAME = "$(TARGET_NAME)";
			};
			name = Release;
		};
/* End XCBuildConfiguration section */

/* Begin XCConfigurationList section */
		8927E5FB1D33035200F9D03F /* Build configuration list for PBXProject "PremierLeague" */ = {
			isa = XCConfigurationList;
			buildConfigurations = (
				8927E6131D33035200F9D03F /* Debug */,
				8927E6141D33035200F9D03F /* Release */,
			);
			defaultConfigurationIsVisible = 0;
			defaultConfigurationName = Release;
		};
		8927E6151D33035200F9D03F /* Build configuration list for PBXNativeTarget "PremierLeague" */ = {
			isa = XCConfigurationList;
			buildConfigurations = (
				8927E6161D33035200F9D03F /* Debug */,
				8927E6171D33035200F9D03F /* Release */,
			);
			defaultConfigurationIsVisible = 0;
			defaultConfigurationName = Release;
		};
/* End XCConfigurationList section */

/* Begin XCVersionGroup section */
		8927E60A1D33035200F9D03F /* PremierLeague.xcdatamodeld */ = {
			isa = XCVersionGroup;
			children = (
				8927E60B1D33035200F9D03F /* PremierLeague.xcdatamodel */,
			);
			currentVersion = 8927E60B1D33035200F9D03F /* PremierLeague.xcdatamodel */;
			path = PremierLeague.xcdatamodeld;
			sourceTree = "<group>";
			versionGroupType = wrapper.xcdatamodel;
		};
/* End XCVersionGroup section */
	};
	rootObject = 8927E5F81D33035200F9D03F /* Project object */;
}
